
Microsoft Visual Studio Solution File, Format Version 12.00
# Visual Studio 15
VisualStudioVersion = 15.0.27004.2009
MinimumVisualStudioVersion = 10.0.40219.1
Project("{FAE04EC0-301F-11D3-BF4B-00C04F79EFBC}") = "SimpleWebsocketServer", "SimpleWebsoketServer\SimpleWebsocketServer.csproj", "{9BC827DB-0FDB-4AEE-B19B-D349B0E18CAA}"
EndProject
Global
	GlobalSection(SolutionConfigurationPlatforms) = preSolution
		Debug|Any CPU = Debug|Any CPU
		Release|Any CPU = Release|Any CPU
	EndGlobalSection
	GlobalSection(ProjectConfigurationPlatforms) = postSolution
		{9BC827DB-0FDB-4AEE-B19B-D349B0E18CAA}.Debug|Any CPU.ActiveCfg = Debug|Any CPU
		{9BC827DB-0FDB-4AEE-B19B-D349B0E18CAA}.Debug|Any CPU.Build.0 = Debug|Any CPU
		{9BC827DB-0FDB-4AEE-B19B-D349B0E18CAA}.Release|Any CPU.ActiveCfg = Release|Any CPU
		{9BC827DB-0FDB-4AEE-B19B-D349B0E18CAA}.Release|Any CPU.Build.0 = Release|Any CPU
	EndGlobalSection
	GlobalSection(SolutionProperties) = preSolution
		HideSolutionNode = FALSE
	EndGlobalSection
	GlobalSection(ExtensibilityGlobals) = postSolution
		SolutionGuid = {CE0795A3-9EBC-4AB6-9661-50FCA7A6BD2B}
	EndGlobalSection
EndGlobal
